// !$*UTF8*$!
{
	archiveVersion = 1;
	classes = {
	};
	objectVersion = 56;
	objects = {

/* Begin PBXBuildFile section */
		D25816CF2B555C9A005B95FC /* AppDelegate.swift in Sources */ = {isa = PBXBuildFile; fileRef = D25816CE2B555C9A005B95FC /* AppDelegate.swift */; };
		D25816D12B555C9A005B95FC /* SceneDelegate.swift in Sources */ = {isa = PBXBuildFile; fileRef = D25816D02B555C9A005B95FC /* SceneDelegate.swift */; };
		D25816D32B555C9A005B95FC /* ViewController.swift in Sources */ = {isa = PBXBuildFile; fileRef = D25816D22B555C9A005B95FC /* ViewController.swift */; };
		D25816D62B555C9A005B95FC /* Main.storyboard in Resources */ = {isa = PBXBuildFile; fileRef = D25816D42B555C9A005B95FC /* Main.storyboard */; };
		D25816D82B555C9C005B95FC /* Assets.xcassets in Resources */ = {isa = PBXBuildFile; fileRef = D25816D72B555C9C005B95FC /* Assets.xcassets */; };
		D25816DB2B555C9C005B95FC /* LaunchScreen.storyboard in Resources */ = {isa = PBXBuildFile; fileRef = D25816D92B555C9C005B95FC /* LaunchScreen.storyboard */; };
		D25816E42B555E6F005B95FC /* TheaterData.swift in Sources */ = {isa = PBXBuildFile; fileRef = D25816E32B555E6F005B95FC /* TheaterData.swift */; };
		D25816E62B555E7C005B95FC /* Theater.swift in Sources */ = {isa = PBXBuildFile; fileRef = D25816E52B555E7C005B95FC /* Theater.swift */; };
		D25816E82B555FB5005B95FC /* TheaterMapViewController.swift in Sources */ = {isa = PBXBuildFile; fileRef = D25816E72B555FB5005B95FC /* TheaterMapViewController.swift */; };
		D26AF1942B6113BF0028CA37 /* UIViewController+Ext.swift in Sources */ = {isa = PBXBuildFile; fileRef = D26AF1932B6113BF0028CA37 /* UIViewController+Ext.swift */; };
/* End PBXBuildFile section */

/* Begin PBXFileReference section */
		D25816CB2B555C9A005B95FC /* MapViewPractice.app */ = {isa = PBXFileReference; explicitFileType = wrapper.application; includeInIndex = 0; path = MapViewPractice.app; sourceTree = BUILT_PRODUCTS_DIR; };
		D25816CE2B555C9A005B95FC /* AppDelegate.swift */ = {isa = PBXFileReference; lastKnownFileType = sourcecode.swift; path = AppDelegate.swift; sourceTree = "<group>"; };
		D25816D02B555C9A005B95FC /* SceneDelegate.swift */ = {isa = PBXFileReference; lastKnownFileType = sourcecode.swift; path = SceneDelegate.swift; sourceTree = "<group>"; };
		D25816D22B555C9A005B95FC /* ViewController.swift */ = {isa = PBXFileReference; lastKnownFileType = sourcecode.swift; path = ViewController.swift; sourceTree = "<group>"; };
		D25816D52B555C9A005B95FC /* Base */ = {isa = PBXFileReference; lastKnownFileType = file.storyboard; name = Base; path = Base.lproj/Main.storyboard; sourceTree = "<group>"; };
		D25816D72B555C9C005B95FC /* Assets.xcassets */ = {isa = PBXFileReference; lastKnownFileType = folder.assetcatalog; path = Assets.xcassets; sourceTree = "<group>"; };
		D25816DA2B555C9C005B95FC /* Base */ = {isa = PBXFileReference; lastKnownFileType = file.storyboard; name = Base; path = Base.lproj/LaunchScreen.storyboard; sourceTree = "<group>"; };
		D25816DC2B555C9C005B95FC /* Info.plist */ = {isa = PBXFileReference; lastKnownFileType = text.plist.xml; path = Info.plist; sourceTree = "<group>"; };
		D25816E32B555E6F005B95FC /* TheaterData.swift */ = {isa = PBXFileReference; fileEncoding = 4; lastKnownFileType = sourcecode.swift; path = TheaterData.swift; sourceTree = "<group>"; };
		D25816E52B555E7C005B95FC /* Theater.swift */ = {isa = PBXFileReference; lastKnownFileType = sourcecode.swift; path = Theater.swift; sourceTree = "<group>"; };
		D25816E72B555FB5005B95FC /* TheaterMapViewController.swift */ = {isa = PBXFileReference; lastKnownFileType = sourcecode.swift; path = TheaterMapViewController.swift; sourceTree = "<group>"; };
		D26AF1932B6113BF0028CA37 /* UIViewController+Ext.swift */ = {isa = PBXFileReference; lastKnownFileType = sourcecode.swift; path = "UIViewController+Ext.swift"; sourceTree = "<group>"; };
/* End PBXFileReference section */

/* Begin PBXFrameworksBuildPhase section */
		D25816C82B555C9A005B95FC /* Frameworks */ = {
			isa = PBXFrameworksBuildPhase;
			buildActionMask = 2147483647;
			files = (
			);
			runOnlyForDeploymentPostprocessing = 0;
		};
/* End PBXFrameworksBuildPhase section */

/* Begin PBXGroup section */
		D25816C22B555C9A005B95FC = {
			isa = PBXGroup;
			children = (
				D25816CD2B555C9A005B95FC /* MapViewPractice */,
				D25816CC2B555C9A005B95FC /* Products */,
			);
			sourceTree = "<group>";
		};
		D25816CC2B555C9A005B95FC /* Products */ = {
			isa = PBXGroup;
			children = (
				D25816CB2B555C9A005B95FC /* MapViewPractice.app */,
			);
			name = Products;
			sourceTree = "<group>";
		};
		D25816CD2B555C9A005B95FC /* MapViewPractice */ = {
			isa = PBXGroup;
			children = (
				D26AF1922B6113A40028CA37 /* Extension */,
				D25816E22B555E63005B95FC /* Model */,
				D25816E72B555FB5005B95FC /* TheaterMapViewController.swift */,
				D25816CE2B555C9A005B95FC /* AppDelegate.swift */,
				D25816D02B555C9A005B95FC /* SceneDelegate.swift */,
				D25816D22B555C9A005B95FC /* ViewController.swift */,
				D25816D42B555C9A005B95FC /* Main.storyboard */,
				D25816D72B555C9C005B95FC /* Assets.xcassets */,
				D25816D92B555C9C005B95FC /* LaunchScreen.storyboard */,
				D25816DC2B555C9C005B95FC /* Info.plist */,
			);
			path = MapViewPractice;
			sourceTree = "<group>";
		};
		D25816E22B555E63005B95FC /* Model */ = {
			isa = PBXGroup;
			children = (
				D25816E32B555E6F005B95FC /* TheaterData.swift */,
				D25816E52B555E7C005B95FC /* Theater.swift */,
			);
			path = Model;
			sourceTree = "<group>";
		};
		D26AF1922B6113A40028CA37 /* Extension */ = {
			isa = PBXGroup;
			children = (
				D26AF1932B6113BF0028CA37 /* UIViewController+Ext.swift */,
			);
			path = Extension;
			sourceTree = "<group>";
		};
/* End PBXGroup section */

/* Begin PBXNativeTarget section */
		D25816CA2B555C9A005B95FC /* MapViewPractice */ = {
			isa = PBXNativeTarget;
			buildConfigurationList = D25816DF2B555C9C005B95FC /* Build configuration list for PBXNativeTarget "MapViewPractice" */;
			buildPhases = (
				D25816C72B555C9A005B95FC /* Sources */,
				D25816C82B555C9A005B95FC /* Frameworks */,
				D25816C92B555C9A005B95FC /* Resources */,
			);
			buildRules = (
			);
			dependencies = (
			);
			name = MapViewPractice;
			productName = MapViewPractice;
			productReference = D25816CB2B555C9A005B95FC /* MapViewPractice.app */;
			productType = "com.apple.product-type.application";
		};
/* End PBXNativeTarget section */

/* Begin PBXProject section */
		D25816C32B555C9A005B95FC /* Project object */ = {
			isa = PBXProject;
			attributes = {
				BuildIndependentTargetsInParallel = 1;
				LastSwiftUpdateCheck = 1510;
				LastUpgradeCheck = 1510;
				TargetAttributes = {
					D25816CA2B555C9A005B95FC = {
						CreatedOnToolsVersion = 15.1;
					};
				};
			};
			buildConfigurationList = D25816C62B555C9A005B95FC /* Build configuration list for PBXProject "MapViewPractice" */;
			compatibilityVersion = "Xcode 14.0";
			developmentRegion = en;
			hasScannedForEncodings = 0;
			knownRegions = (
				en,
				Base,
			);
			mainGroup = D25816C22B555C9A005B95FC;
			productRefGroup = D25816CC2B555C9A005B95FC /* Products */;
			projectDirPath = "";
			projectRoot = "";
			targets = (
				D25816CA2B555C9A005B95FC /* MapViewPractice */,
			);
		};
/* End PBXProject section */

/* Begin PBXResourcesBuildPhase section */
		D25816C92B555C9A005B95FC /* Resources */ = {
			isa = PBXResourcesBuildPhase;
			buildActionMask = 2147483647;
			files = (
				D25816DB2B555C9C005B95FC /* LaunchScreen.storyboard in Resources */,
				D25816D82B555C9C005B95FC /* Assets.xcassets in Resources */,
				D25816D62B555C9A005B95FC /* Main.storyboard in Resources */,
			);
			runOnlyForDeploymentPostprocessing = 0;
		};
/* End PBXResourcesBuildPhase section */

/* Begin PBXSourcesBuildPhase section */
		D25816C72B555C9A005B95FC /* Sources */ = {
			isa = PBXSourcesBuildPhase;
			buildActionMask = 2147483647;
			files = (
				D25816D32B555C9A005B95FC /* ViewController.swift in Sources */,
				D25816E82B555FB5005B95FC /* TheaterMapViewController.swift in Sources */,
				D26AF1942B6113BF0028CA37 /* UIViewController+Ext.swift in Sources */,
				D25816CF2B555C9A005B95FC /* AppDelegate.swift in Sources */,
				D25816D12B555C9A005B95FC /* SceneDelegate.swift in Sources */,
				D25816E42B555E6F005B95FC /* TheaterData.swift in Sources */,
				D25816E62B555E7C005B95FC /* Theater.swift in Sources */,
			);
			runOnlyForDeploymentPostprocessing = 0;
		};
/* End PBXSourcesBuildPhase section */

/* Begin PBXVariantGroup section */
		D25816D42B555C9A005B95FC /* Main.storyboard */ = {
			isa = PBXVariantGroup;
			children = (
				D25816D52B555C9A005B95FC /* Base */,
			);
			name = Main.storyboard;
			sourceTree = "<group>";
		};
		D25816D92B555C9C005B95FC /* LaunchScreen.storyboard */ = {
			isa = PBXVariantGroup;
			children = (
				D25816DA2B555C9C005B95FC /* Base */,
			);
			name = LaunchScreen.storyboard;
			sourceTree = "<group>";
		};
/* End PBXVariantGroup section */

/* Begin XCBuildConfiguration section */
		D25816DD2B555C9C005B95FC /* Debug */ = {
			isa = XCBuildConfiguration;
			buildSettings = {
				ALWAYS_SEARCH_USER_PATHS = NO;
				ASSETCATALOG_COMPILER_GENERATE_SWIFT_ASSET_SYMBOL_EXTENSIONS = YES;
				CLANG_ANALYZER_NONNULL = YES;
				CLANG_ANALYZER_NUMBER_OBJECT_CONVERSION = YES_AGGRESSIVE;
				CLANG_CXX_LANGUAGE_STANDARD = "gnu++20";
				CLANG_ENABLE_MODULES = YES;
				CLANG_ENABLE_OBJC_ARC = YES;
				CLANG_ENABLE_OBJC_WEAK = YES;
				CLANG_WARN_BLOCK_CAPTURE_AUTORELEASING = YES;
				CLANG_WARN_BOOL_CONVERSION = YES;
				CLANG_WARN_COMMA = YES;
				CLANG_WARN_CONSTANT_CONVERSION = YES;
				CLANG_WARN_DEPRECATED_OBJC_IMPLEMENTATIONS = YES;
				CLANG_WARN_DIRECT_OBJC_ISA_USAGE = YES_ERROR;
				CLANG_WARN_DOCUMENTATION_COMMENTS = YES;
				CLANG_WARN_EMPTY_BODY = YES;
				CLANG_WARN_ENUM_CONVERSION = YES;
				CLANG_WARN_INFINITE_RECURSION = YES;
				CLANG_WARN_INT_CONVERSION = YES;
				CLANG_WARN_NON_LITERAL_NULL_CONVERSION = YES;
				CLANG_WARN_OBJC_IMPLICIT_RETAIN_SELF = YES;
				CLANG_WARN_OBJC_LITERAL_CONVERSION = YES;
				CLANG_WARN_OBJC_ROOT_CLASS = YES_ERROR;
				CLANG_WARN_QUOTED_INCLUDE_IN_FRAMEWORK_HEADER = YES;
				CLANG_WARN_RANGE_LOOP_ANALYSIS = YES;
				CLANG_WARN_STRICT_PROTOTYPES = YES;
				CLANG_WARN_SUSPICIOUS_MOVE = YES;
				CLANG_WARN_UNGUARDED_AVAILABILITY = YES_AGGRESSIVE;
				CLANG_WARN_UNREACHABLE_CODE = YES;
				CLANG_WARN__DUPLICATE_METHOD_MATCH = YES;
				COPY_PHASE_STRIP = NO;
				DEBUG_INFORMATION_FORMAT = dwarf;
				ENABLE_STRICT_OBJC_MSGSEND = YES;
				ENABLE_TESTABILITY = YES;
				ENABLE_USER_SCRIPT_SANDBOXING = YES;
				GCC_C_LANGUAGE_STANDARD = gnu17;
				GCC_DYNAMIC_NO_PIC = NO;
				GCC_NO_COMMON_BLOCKS = YES;
				GCC_OPTIMIZATION_LEVEL = 0;
				GCC_PREPROCESSOR_DEFINITIONS = (
					"DEBUG=1",
					"$(inherited)",
				);
				GCC_WARN_64_TO_32_BIT_CONVERSION = YES;
				GCC_WARN_ABOUT_RETURN_TYPE = YES_ERROR;
				GCC_WARN_UNDECLARED_SELECTOR = YES;
				GCC_WARN_UNINITIALIZED_AUTOS = YES_AGGRESSIVE;
				GCC_WARN_UNUSED_FUNCTION = YES;
				GCC_WARN_UNUSED_VARIABLE = YES;
				IPHONEOS_DEPLOYMENT_TARGET = 17.2;
				LOCALIZATION_PREFERS_STRING_CATALOGS = YES;
				MTL_ENABLE_DEBUG_INFO = INCLUDE_SOURCE;
				MTL_FAST_MATH = YES;
				ONLY_ACTIVE_ARCH = YES;
				SDKROOT = iphoneos;
				SWIFT_ACTIVE_COMPILATION_CONDITIONS = "DEBUG $(inherited)";
				SWIFT_OPTIMIZATION_LEVEL = "-Onone";
			};
			name = Debug;
		};
		D25816DE2B555C9C005B95FC /* Release */ = {
			isa = XCBuildConfiguration;
			buildSettings = {
				ALWAYS_SEARCH_USER_PATHS = NO;
				ASSETCATALOG_COMPILER_GENERATE_SWIFT_ASSET_SYMBOL_EXTENSIONS = YES;
				CLANG_ANALYZER_NONNULL = YES;
				CLANG_ANALYZER_NUMBER_OBJECT_CONVERSION = YES_AGGRESSIVE;
				CLANG_CXX_LANGUAGE_STANDARD = "gnu++20";
				CLANG_ENABLE_MODULES = YES;
				CLANG_ENABLE_OBJC_ARC = YES;
				CLANG_ENABLE_OBJC_WEAK = YES;
				CLANG_WARN_BLOCK_CAPTURE_AUTORELEASING = YES;
				CLANG_WARN_BOOL_CONVERSION = YES;
				CLANG_WARN_COMMA = YES;
				CLANG_WARN_CONSTANT_CONVERSION = YES;
				CLANG_WARN_DEPRECATED_OBJC_IMPLEMENTATIONS = YES;
				CLANG_WARN_DIRECT_OBJC_ISA_USAGE = YES_ERROR;
				CLANG_WARN_DOCUMENTATION_COMMENTS = YES;
				CLANG_WARN_EMPTY_BODY = YES;
				CLANG_WARN_ENUM_CONVERSION = YES;
				CLANG_WARN_INFINITE_RECURSION = YES;
				CLANG_WARN_INT_CONVERSION = YES;
				CLANG_WARN_NON_LITERAL_NULL_CONVERSION = YES;
				CLANG_WARN_OBJC_IMPLICIT_RETAIN_SELF = YES;
				CLANG_WARN_OBJC_LITERAL_CONVERSION = YES;
				CLANG_WARN_OBJC_ROOT_CLASS = YES_ERROR;
				CLANG_WARN_QUOTED_INCLUDE_IN_FRAMEWORK_HEADER = YES;
				CLANG_WARN_RANGE_LOOP_ANALYSIS = YES;
				CLANG_WARN_STRICT_PROTOTYPES = YES;
				CLANG_WARN_SUSPICIOUS_MOVE = YES;
				CLANG_WARN_UNGUARDED_AVAILABILITY = YES_AGGRESSIVE;
				CLANG_WARN_UNREACHABLE_CODE = YES;
				CLANG_WARN__DUPLICATE_METHOD_MATCH = YES;
				COPY_PHASE_STRIP = NO;
				DEBUG_INFORMATION_FORMAT = "dwarf-with-dsym";
				ENABLE_NS_ASSERTIONS = NO;
				ENABLE_STRICT_OBJC_MSGSEND = YES;
				ENABLE_USER_SCRIPT_SANDBOXING = YES;
				GCC_C_LANGUAGE_STANDARD = gnu17;
				GCC_NO_COMMON_BLOCKS = YES;
				GCC_WARN_64_TO_32_BIT_CONVERSION = YES;
				GCC_WARN_ABOUT_RETURN_TYPE = YES_ERROR;
				GCC_WARN_UNDECLARED_SELECTOR = YES;
				GCC_WARN_UNINITIALIZED_AUTOS = YES_AGGRESSIVE;
				GCC_WARN_UNUSED_FUNCTION = YES;
				GCC_WARN_UNUSED_VARIABLE = YES;
				IPHONEOS_DEPLOYMENT_TARGET = 17.2;
				LOCALIZATION_PREFERS_STRING_CATALOGS = YES;
				MTL_ENABLE_DEBUG_INFO = NO;
				MTL_FAST_MATH = YES;
				SDKROOT = iphoneos;
				SWIFT_COMPILATION_MODE = wholemodule;
				VALIDATE_PRODUCT = YES;
			};
			name = Release;
		};
		D25816E02B555C9C005B95FC /* Debug */ = {
			isa = XCBuildConfiguration;
			buildSettings = {
				ASSETCATALOG_COMPILER_APPICON_NAME = AppIcon;
				ASSETCATALOG_COMPILER_GLOBAL_ACCENT_COLOR_NAME = AccentColor;
				CODE_SIGN_STYLE = Automatic;
				CURRENT_PROJECT_VERSION = 1;
				GENERATE_INFOPLIST_FILE = YES;
				INFOPLIST_FILE = MapViewPractice/Info.plist;
				INFOPLIST_KEY_UIApplicationSupportsIndirectInputEvents = YES;
				INFOPLIST_KEY_UILaunchStoryboardName = LaunchScreen;
				INFOPLIST_KEY_UIMainStoryboardFile = Main;
				INFOPLIST_KEY_UISupportedInterfaceOrientations = UIInterfaceOrientationPortrait;
				INFOPLIST_KEY_UISupportedInterfaceOrientations_iPad = "UIInterfaceOrientationLandscapeLeft UIInterfaceOrientationLandscapeRight UIInterfaceOrientationPortrait UIInterfaceOrientationPortraitUpsideDown";
				LD_RUNPATH_SEARCH_PATHS = (
					"$(inherited)",
					"@executable_path/Frameworks",
				);
				MARKETING_VERSION = 1.0;
				PRODUCT_BUNDLE_IDENTIFIER = com.jaehee.MapViewPractice;
				PRODUCT_NAME = "$(TARGET_NAME)";
				SUPPORTED_PLATFORMS = "iphoneos iphonesimulator";
				SUPPORTS_MACCATALYST = NO;
				SUPPORTS_MAC_DESIGNED_FOR_IPHONE_IPAD = NO;
				SWIFT_EMIT_LOC_STRINGS = YES;
				SWIFT_VERSION = 5.0;
				TARGETED_DEVICE_FAMILY = 1;
			};
			name = Debug;
		};
		D25816E12B555C9C005B95FC /* Release */ = {
			isa = XCBuildConfiguration;
			buildSettings = {
				ASSETCATALOG_COMPILER_APPICON_NAME = AppIcon;
				ASSETCATALOG_COMPILER_GLOBAL_ACCENT_COLOR_NAME = AccentColor;
				CODE_SIGN_STYLE = Automatic;
				CURRENT_PROJECT_VERSION = 1;
				GENERATE_INFOPLIST_FILE = YES;
				INFOPLIST_FILE = MapViewPractice/Info.plist;
				INFOPLIST_KEY_UIApplicationSupportsIndirectInputEvents = YES;
				INFOPLIST_KEY_UILaunchStoryboardName = LaunchScreen;
				INFOPLIST_KEY_UIMainStoryboardFile = Main;
				INFOPLIST_KEY_UISupportedInterfaceOrientations = UIInterfaceOrientationPortrait;
				INFOPLIST_KEY_UISupportedInterfaceOrientations_iPad = "UIInterfaceOrientationLandscapeLeft UIInterfaceOrientationLandscapeRight UIInterfaceOrientationPortrait UIInterfaceOrientationPortraitUpsideDown";
				LD_RUNPATH_SEARCH_PATHS = (
					"$(inherited)",
					"@executable_path/Frameworks",
				);
				MARKETING_VERSION = 1.0;
				PRODUCT_BUNDLE_IDENTIFIER = com.jaehee.MapViewPractice;
				PRODUCT_NAME = "$(TARGET_NAME)";
				SUPPORTED_PLATFORMS = "iphoneos iphonesimulator";
				SUPPORTS_MACCATALYST = NO;
				SUPPORTS_MAC_DESIGNED_FOR_IPHONE_IPAD = NO;
				SWIFT_EMIT_LOC_STRINGS = YES;
				SWIFT_VERSION = 5.0;
				TARGETED_DEVICE_FAMILY = 1;
			};
			name = Release;
		};
/* End XCBuildConfiguration section */

/* Begin XCConfigurationList section */
		D25816C62B555C9A005B95FC /* Build configuration list for PBXProject "MapViewPractice" */ = {
			isa = XCConfigurationList;
			buildConfigurations = (
				D25816DD2B555C9C005B95FC /* Debug */,
				D25816DE2B555C9C005B95FC /* Release */,
			);
			defaultConfigurationIsVisible = 0;
			defaultConfigurationName = Release;
		};
		D25816DF2B555C9C005B95FC /* Build configuration list for PBXNativeTarget "MapViewPractice" */ = {
			isa = XCConfigurationList;
			buildConfigurations = (
				D25816E02B555C9C005B95FC /* Debug */,
				D25816E12B555C9C005B95FC /* Release */,
			);
			defaultConfigurationIsVisible = 0;
			defaultConfigurationName = Release;
		};
/* End XCConfigurationList section */
	};
	rootObject = D25816C32B555C9A005B95FC /* Project object */;
}
